
Microsoft Visual Studio Solution File, Format Version 11.00
# Visual Studio 2010
Project("{FAE04EC0-301F-11D3-BF4B-00C04F79EFBC}") = "GameOfLifeForm", "GameOfLifeForm\GameOfLifeForm.csproj", "{B29E432F-9AE1-43B7-9F76-726DD09171FA}"
EndProject
Global
	GlobalSection(SolutionConfigurationPlatforms) = preSolution
		Debug|x86 = Debug|x86
		Release|x86 = Release|x86
	EndGlobalSection
	GlobalSection(ProjectConfigurationPlatforms) = postSolution
		{B29E432F-9AE1-43B7-9F76-726DD09171FA}.Debug|x86.ActiveCfg = Debug|x86
		{B29E432F-9AE1-43B7-9F76-726DD09171FA}.Debug|x86.Build.0 = Debug|x86
		{B29E432F-9AE1-43B7-9F76-726DD09171FA}.Release|x86.ActiveCfg = Release|x86
		{B29E432F-9AE1-43B7-9F76-726DD09171FA}.Release|x86.Build.0 = Release|x86
	EndGlobalSection
	GlobalSection(SolutionProperties) = preSolution
		HideSolutionNode = FALSE
	EndGlobalSection
EndGlobal
